
Microsoft Visual Studio Solution File, Format Version 12.00
# Visual Studio Version 16
VisualStudioVersion = 25.0.1704.0
MinimumVisualStudioVersion = 10.0.40219.1
Project("{FAE04EC0-301F-11D3-BF4B-00C04F79EFBC}") = "GiriajCarModel", "GiriajCarModel\GiriajCarModel.csproj", "{4A2BBA4F-201A-4ADA-8391-C8FC86F92123}"
EndProject
Project("{FAE04EC0-301F-11D3-BF4B-00C04F79EFBC}") = "Core", "Library\Core\Core.csproj", "{CA139616-A757-4DDC-B032-B443FCE90947}"
EndProject
Project("{FAE04EC0-301F-11D3-BF4B-00C04F79EFBC}") = "Data", "Library\Data\Data.csproj", "{DC851480-1B8E-48EB-A1FD-E1279856F173}"
EndProject
Project("{FAE04EC0-301F-11D3-BF4B-00C04F79EFBC}") = "Service", "Library\Service\Service.csproj", "{E095AE82-2C43-494C-A7FD-F71C678F072C}"
EndProject
Global
	GlobalSection(SolutionConfigurationPlatforms) = preSolution
		Debug|Any CPU = Debug|Any CPU
		Release|Any CPU = Release|Any CPU
	EndGlobalSection
	GlobalSection(ProjectConfigurationPlatforms) = postSolution
		{4A2BBA4F-201A-4ADA-8391-C8FC86F92123}.Debug|Any CPU.ActiveCfg = Debug|Any CPU
		{4A2BBA4F-201A-4ADA-8391-C8FC86F92123}.Debug|Any CPU.Build.0 = Debug|Any CPU
		{4A2BBA4F-201A-4ADA-8391-C8FC86F92123}.Release|Any CPU.ActiveCfg = Release|Any CPU
		{4A2BBA4F-201A-4ADA-8391-C8FC86F92123}.Release|Any CPU.Build.0 = Release|Any CPU
		{CA139616-A757-4DDC-B032-B443FCE90947}.Debug|Any CPU.ActiveCfg = Debug|Any CPU
		{CA139616-A757-4DDC-B032-B443FCE90947}.Debug|Any CPU.Build.0 = Debug|Any CPU
		{CA139616-A757-4DDC-B032-B443FCE90947}.Release|Any CPU.ActiveCfg = Release|Any CPU
		{CA139616-A757-4DDC-B032-B443FCE90947}.Release|Any CPU.Build.0 = Release|Any CPU
		{DC851480-1B8E-48EB-A1FD-E1279856F173}.Debug|Any CPU.ActiveCfg = Debug|Any CPU
		{DC851480-1B8E-48EB-A1FD-E1279856F173}.Debug|Any CPU.Build.0 = Debug|Any CPU
		{DC851480-1B8E-48EB-A1FD-E1279856F173}.Release|Any CPU.ActiveCfg = Release|Any CPU
		{DC851480-1B8E-48EB-A1FD-E1279856F173}.Release|Any CPU.Build.0 = Release|Any CPU
		{E095AE82-2C43-494C-A7FD-F71C678F072C}.Debug|Any CPU.ActiveCfg = Debug|Any CPU
		{E095AE82-2C43-494C-A7FD-F71C678F072C}.Debug|Any CPU.Build.0 = Debug|Any CPU
		{E095AE82-2C43-494C-A7FD-F71C678F072C}.Release|Any CPU.ActiveCfg = Release|Any CPU
		{E095AE82-2C43-494C-A7FD-F71C678F072C}.Release|Any CPU.Build.0 = Release|Any CPU
	EndGlobalSection
	GlobalSection(SolutionProperties) = preSolution
		HideSolutionNode = FALSE
	EndGlobalSection
	GlobalSection(ExtensibilityGlobals) = postSolution
		SolutionGuid = {19842289-229F-4AFA-AD5D-05D8ECD3918D}
	EndGlobalSection
EndGlobal
